// !$*UTF8*$!
{
	archiveVersion = 1;
	classes = {
	};
	objectVersion = 46;
	objects = {

/* Begin PBXBuildFile section */
		9BF3FC881BA2E73D00182242 /* main.m in Sources */ = {isa = PBXBuildFile; fileRef = 9BF3FC871BA2E73D00182242 /* main.m */; };
		9BF3FC8B1BA2E73D00182242 /* AppDelegate.m in Sources */ = {isa = PBXBuildFile; fileRef = 9BF3FC8A1BA2E73D00182242 /* AppDelegate.m */; };
		9BF3FC8E1BA2E73D00182242 /* ObjectcWithSwift.xcdatamodeld in Sources */ = {isa = PBXBuildFile; fileRef = 9BF3FC8C1BA2E73D00182242 /* ObjectcWithSwift.xcdatamodeld */; };
		9BF3FC911BA2E73D00182242 /* ViewController.m in Sources */ = {isa = PBXBuildFile; fileRef = 9BF3FC901BA2E73D00182242 /* ViewController.m */; };
		9BF3FC941BA2E73D00182242 /* Main.storyboard in Resources */ = {isa = PBXBuildFile; fileRef = 9BF3FC921BA2E73D00182242 /* Main.storyboard */; };
		9BF3FC961BA2E73D00182242 /* Images.xcassets in Resources */ = {isa = PBXBuildFile; fileRef = 9BF3FC951BA2E73D00182242 /* Images.xcassets */; };
		9BF3FC991BA2E73D00182242 /* LaunchScreen.xib in Resources */ = {isa = PBXBuildFile; fileRef = 9BF3FC971BA2E73D00182242 /* LaunchScreen.xib */; };
		9BF3FCA51BA2E73D00182242 /* ObjectcWithSwiftTests.m in Sources */ = {isa = PBXBuildFile; fileRef = 9BF3FCA41BA2E73D00182242 /* ObjectcWithSwiftTests.m */; };
		9BF3FCB21BA2E93700182242 /* MySwift.swift in Sources */ = {isa = PBXBuildFile; fileRef = 9BF3FCB11BA2E93700182242 /* MySwift.swift */; };
/* End PBXBuildFile section */

/* Begin PBXContainerItemProxy section */
		9BF3FC9F1BA2E73D00182242 /* PBXContainerItemProxy */ = {
			isa = PBXContainerItemProxy;
			containerPortal = 9BF3FC7A1BA2E73D00182242 /* Project object */;
			proxyType = 1;
			remoteGlobalIDString = 9BF3FC811BA2E73D00182242;
			remoteInfo = ObjectcWithSwift;
		};
/* End PBXContainerItemProxy section */

/* Begin PBXFileReference section */
		9BF3FC821BA2E73D00182242 /* ObjectcWithSwift.app */ = {isa = PBXFileReference; explicitFileType = wrapper.application; includeInIndex = 0; path = ObjectcWithSwift.app; sourceTree = BUILT_PRODUCTS_DIR; };
		9BF3FC861BA2E73D00182242 /* Info.plist */ = {isa = PBXFileReference; lastKnownFileType = text.plist.xml; path = Info.plist; sourceTree = "<group>"; };
		9BF3FC871BA2E73D00182242 /* main.m */ = {isa = PBXFileReference; lastKnownFileType = sourcecode.c.objc; path = main.m; sourceTree = "<group>"; };
		9BF3FC891BA2E73D00182242 /* AppDelegate.h */ = {isa = PBXFileReference; lastKnownFileType = sourcecode.c.h; path = AppDelegate.h; sourceTree = "<group>"; };
		9BF3FC8A1BA2E73D00182242 /* AppDelegate.m */ = {isa = PBXFileReference; lastKnownFileType = sourcecode.c.objc; path = AppDelegate.m; sourceTree = "<group>"; };
		9BF3FC8D1BA2E73D00182242 /* ObjectcWithSwift.xcdatamodel */ = {isa = PBXFileReference; lastKnownFileType = wrapper.xcdatamodel; path = ObjectcWithSwift.xcdatamodel; sourceTree = "<group>"; };
		9BF3FC8F1BA2E73D00182242 /* ViewController.h */ = {isa = PBXFileReference; lastKnownFileType = sourcecode.c.h; path = ViewController.h; sourceTree = "<group>"; };
		9BF3FC901BA2E73D00182242 /* ViewController.m */ = {isa = PBXFileReference; lastKnownFileType = sourcecode.c.objc; path = ViewController.m; sourceTree = "<group>"; };
		9BF3FC931BA2E73D00182242 /* Base */ = {isa = PBXFileReference; lastKnownFileType = file.storyboard; name = Base; path = Base.lproj/Main.storyboard; sourceTree = "<group>"; };
		9BF3FC951BA2E73D00182242 /* Images.xcassets */ = {isa = PBXFileReference; lastKnownFileType = folder.assetcatalog; path = Images.xcassets; sourceTree = "<group>"; };
		9BF3FC981BA2E73D00182242 /* Base */ = {isa = PBXFileReference; lastKnownFileType = file.xib; name = Base; path = Base.lproj/LaunchScreen.xib; sourceTree = "<group>"; };
		9BF3FC9E1BA2E73D00182242 /* ObjectcWithSwiftTests.xctest */ = {isa = PBXFileReference; explicitFileType = wrapper.cfbundle; includeInIndex = 0; path = ObjectcWithSwiftTests.xctest; sourceTree = BUILT_PRODUCTS_DIR; };
		9BF3FCA31BA2E73D00182242 /* Info.plist */ = {isa = PBXFileReference; lastKnownFileType = text.plist.xml; path = Info.plist; sourceTree = "<group>"; };
		9BF3FCA41BA2E73D00182242 /* ObjectcWithSwiftTests.m */ = {isa = PBXFileReference; lastKnownFileType = sourcecode.c.objc; path = ObjectcWithSwiftTests.m; sourceTree = "<group>"; };
		9BF3FCAE1BA2E80400182242 /* ObjectcWithSwift-Bridging-Header.h */ = {isa = PBXFileReference; lastKnownFileType = sourcecode.c.h; path = "ObjectcWithSwift-Bridging-Header.h"; sourceTree = "<group>"; };
		9BF3FCB11BA2E93700182242 /* MySwift.swift */ = {isa = PBXFileReference; fileEncoding = 4; lastKnownFileType = sourcecode.swift; path = MySwift.swift; sourceTree = "<group>"; };
/* End PBXFileReference section */

/* Begin PBXFrameworksBuildPhase section */
		9BF3FC7F1BA2E73D00182242 /* Frameworks */ = {
			isa = PBXFrameworksBuildPhase;
			buildActionMask = 2147483647;
			files = (
			);
			runOnlyForDeploymentPostprocessing = 0;
		};
		9BF3FC9B1BA2E73D00182242 /* Frameworks */ = {
			isa = PBXFrameworksBuildPhase;
			buildActionMask = 2147483647;
			files = (
			);
			runOnlyForDeploymentPostprocessing = 0;
		};
/* End PBXFrameworksBuildPhase section */

/* Begin PBXGroup section */
		9BF3FC791BA2E73D00182242 = {
			isa = PBXGroup;
			children = (
				9BF3FC841BA2E73D00182242 /* ObjectcWithSwift */,
				9BF3FCA11BA2E73D00182242 /* ObjectcWithSwiftTests */,
				9BF3FC831BA2E73D00182242 /* Products */,
			);
			sourceTree = "<group>";
		};
		9BF3FC831BA2E73D00182242 /* Products */ = {
			isa = PBXGroup;
			children = (
				9BF3FC821BA2E73D00182242 /* ObjectcWithSwift.app */,
				9BF3FC9E1BA2E73D00182242 /* ObjectcWithSwiftTests.xctest */,
			);
			name = Products;
			sourceTree = "<group>";
		};
		9BF3FC841BA2E73D00182242 /* ObjectcWithSwift */ = {
			isa = PBXGroup;
			children = (
				9BF3FC891BA2E73D00182242 /* AppDelegate.h */,
				9BF3FC8A1BA2E73D00182242 /* AppDelegate.m */,
				9BF3FC8F1BA2E73D00182242 /* ViewController.h */,
				9BF3FC901BA2E73D00182242 /* ViewController.m */,
				9BF3FCB11BA2E93700182242 /* MySwift.swift */,
				9BF3FC921BA2E73D00182242 /* Main.storyboard */,
				9BF3FC951BA2E73D00182242 /* Images.xcassets */,
				9BF3FC971BA2E73D00182242 /* LaunchScreen.xib */,
				9BF3FC8C1BA2E73D00182242 /* ObjectcWithSwift.xcdatamodeld */,
				9BF3FC851BA2E73D00182242 /* Supporting Files */,
				9BF3FCAE1BA2E80400182242 /* ObjectcWithSwift-Bridging-Header.h */,
			);
			path = ObjectcWithSwift;
			sourceTree = "<group>";
		};
		9BF3FC851BA2E73D00182242 /* Supporting Files */ = {
			isa = PBXGroup;
			children = (
				9BF3FC861BA2E73D00182242 /* Info.plist */,
				9BF3FC871BA2E73D00182242 /* main.m */,
			);
			name = "Supporting Files";
			sourceTree = "<group>";
		};
		9BF3FCA11BA2E73D00182242 /* ObjectcWithSwiftTests */ = {
			isa = PBXGroup;
			children = (
				9BF3FCA41BA2E73D00182242 /* ObjectcWithSwiftTests.m */,
				9BF3FCA21BA2E73D00182242 /* Supporting Files */,
			);
			path = ObjectcWithSwiftTests;
			sourceTree = "<group>";
		};
		9BF3FCA21BA2E73D00182242 /* Supporting Files */ = {
			isa = PBXGroup;
			children = (
				9BF3FCA31BA2E73D00182242 /* Info.plist */,
			);
			name = "Supporting Files";
			sourceTree = "<group>";
		};
/* End PBXGroup section */

/* Begin PBXNativeTarget section */
		9BF3FC811BA2E73D00182242 /* ObjectcWithSwift */ = {
			isa = PBXNativeTarget;
			buildConfigurationList = 9BF3FCA81BA2E73D00182242 /* Build configuration list for PBXNativeTarget "ObjectcWithSwift" */;
			buildPhases = (
				9BF3FC7E1BA2E73D00182242 /* Sources */,
				9BF3FC7F1BA2E73D00182242 /* Frameworks */,
				9BF3FC801BA2E73D00182242 /* Resources */,
			);
			buildRules = (
			);
			dependencies = (
			);
			name = ObjectcWithSwift;
			productName = ObjectcWithSwift;
			productReference = 9BF3FC821BA2E73D00182242 /* ObjectcWithSwift.app */;
			productType = "com.apple.product-type.application";
		};
		9BF3FC9D1BA2E73D00182242 /* ObjectcWithSwiftTests */ = {
			isa = PBXNativeTarget;
			buildConfigurationList = 9BF3FCAB1BA2E73D00182242 /* Build configuration list for PBXNativeTarget "ObjectcWithSwiftTests" */;
			buildPhases = (
				9BF3FC9A1BA2E73D00182242 /* Sources */,
				9BF3FC9B1BA2E73D00182242 /* Frameworks */,
				9BF3FC9C1BA2E73D00182242 /* Resources */,
			);
			buildRules = (
			);
			dependencies = (
				9BF3FCA01BA2E73D00182242 /* PBXTargetDependency */,
			);
			name = ObjectcWithSwiftTests;
			productName = ObjectcWithSwiftTests;
			productReference = 9BF3FC9E1BA2E73D00182242 /* ObjectcWithSwiftTests.xctest */;
			productType = "com.apple.product-type.bundle.unit-test";
		};
/* End PBXNativeTarget section */

/* Begin PBXProject section */
		9BF3FC7A1BA2E73D00182242 /* Project object */ = {
			isa = PBXProject;
			attributes = {
				LastUpgradeCheck = 0640;
				ORGANIZATIONNAME = Max;
				TargetAttributes = {
					9BF3FC811BA2E73D00182242 = {
						CreatedOnToolsVersion = 6.4;
					};
					9BF3FC9D1BA2E73D00182242 = {
						CreatedOnToolsVersion = 6.4;
						TestTargetID = 9BF3FC811BA2E73D00182242;
					};
				};
			};
			buildConfigurationList = 9BF3FC7D1BA2E73D00182242 /* Build configuration list for PBXProject "ObjectcWithSwift" */;
			compatibilityVersion = "Xcode 3.2";
			developmentRegion = English;
			hasScannedForEncodings = 0;
			knownRegions = (
				en,
				Base,
			);
			mainGroup = 9BF3FC791BA2E73D00182242;
			productRefGroup = 9BF3FC831BA2E73D00182242 /* Products */;
			projectDirPath = "";
			projectRoot = "";
			targets = (
				9BF3FC811BA2E73D00182242 /* ObjectcWithSwift */,
				9BF3FC9D1BA2E73D00182242 /* ObjectcWithSwiftTests */,
			);
		};
/* End PBXProject section */

/* Begin PBXResourcesBuildPhase section */
		9BF3FC801BA2E73D00182242 /* Resources */ = {
			isa = PBXResourcesBuildPhase;
			buildActionMask = 2147483647;
			files = (
				9BF3FC941BA2E73D00182242 /* Main.storyboard in Resources */,
				9BF3FC991BA2E73D00182242 /* LaunchScreen.xib in Resources */,
				9BF3FC961BA2E73D00182242 /* Images.xcassets in Resources */,
			);
			runOnlyForDeploymentPostprocessing = 0;
		};
		9BF3FC9C1BA2E73D00182242 /* Resources */ = {
			isa = PBXResourcesBuildPhase;
			buildActionMask = 2147483647;
			files = (
			);
			runOnlyForDeploymentPostprocessing = 0;
		};
/* End PBXResourcesBuildPhase section */

/* Begin PBXSourcesBuildPhase section */
		9BF3FC7E1BA2E73D00182242 /* Sources */ = {
			isa = PBXSourcesBuildPhase;
			buildActionMask = 2147483647;
			files = (
				9BF3FC8E1BA2E73D00182242 /* ObjectcWithSwift.xcdatamodeld in Sources */,
				9BF3FCB21BA2E93700182242 /* MySwift.swift in Sources */,
				9BF3FC8B1BA2E73D00182242 /* AppDelegate.m in Sources */,
				9BF3FC911BA2E73D00182242 /* ViewController.m in Sources */,
				9BF3FC881BA2E73D00182242 /* main.m in Sources */,
			);
			runOnlyForDeploymentPostprocessing = 0;
		};
		9BF3FC9A1BA2E73D00182242 /* Sources */ = {
			isa = PBXSourcesBuildPhase;
			buildActionMask = 2147483647;
			files = (
				9BF3FCA51BA2E73D00182242 /* ObjectcWithSwiftTests.m in Sources */,
			);
			runOnlyForDeploymentPostprocessing = 0;
		};
/* End PBXSourcesBuildPhase section */

/* Begin PBXTargetDependency section */
		9BF3FCA01BA2E73D00182242 /* PBXTargetDependency */ = {
			isa = PBXTargetDependency;
			target = 9BF3FC811BA2E73D00182242 /* ObjectcWithSwift */;
			targetProxy = 9BF3FC9F1BA2E73D00182242 /* PBXContainerItemProxy */;
		};
/* End PBXTargetDependency section */

/* Begin PBXVariantGroup section */
		9BF3FC921BA2E73D00182242 /* Main.storyboard */ = {
			isa = PBXVariantGroup;
			children = (
				9BF3FC931BA2E73D00182242 /* Base */,
			);
			name = Main.storyboard;
			sourceTree = "<group>";
		};
		9BF3FC971BA2E73D00182242 /* LaunchScreen.xib */ = {
			isa = PBXVariantGroup;
			children = (
				9BF3FC981BA2E73D00182242 /* Base */,
			);
			name = LaunchScreen.xib;
			sourceTree = "<group>";
		};
/* End PBXVariantGroup section */

/* Begin XCBuildConfiguration section */
		9BF3FCA61BA2E73D00182242 /* Debug */ = {
			isa = XCBuildConfiguration;
			buildSettings = {
				ALWAYS_SEARCH_USER_PATHS = NO;
				CLANG_CXX_LANGUAGE_STANDARD = "gnu++0x";
				CLANG_CXX_LIBRARY = "libc++";
				CLANG_ENABLE_MODULES = YES;
				CLANG_ENABLE_OBJC_ARC = YES;
				CLANG_WARN_BOOL_CONVERSION = YES;
				CLANG_WARN_CONSTANT_CONVERSION = YES;
				CLANG_WARN_DIRECT_OBJC_ISA_USAGE = YES_ERROR;
				CLANG_WARN_EMPTY_BODY = YES;
				CLANG_WARN_ENUM_CONVERSION = YES;
				CLANG_WARN_INT_CONVERSION = YES;
				CLANG_WARN_OBJC_ROOT_CLASS = YES_ERROR;
				CLANG_WARN_UNREACHABLE_CODE = YES;
				CLANG_WARN__DUPLICATE_METHOD_MATCH = YES;
				"CODE_SIGN_IDENTITY[sdk=iphoneos*]" = "iPhone Developer";
				COPY_PHASE_STRIP = NO;
				DEBUG_INFORMATION_FORMAT = "dwarf-with-dsym";
				ENABLE_STRICT_OBJC_MSGSEND = YES;
				GCC_C_LANGUAGE_STANDARD = gnu99;
				GCC_DYNAMIC_NO_PIC = NO;
				GCC_NO_COMMON_BLOCKS = YES;
				GCC_OPTIMIZATION_LEVEL = 0;
				GCC_PREPROCESSOR_DEFINITIONS = (
					"DEBUG=1",
					"$(inherited)",
				);
				GCC_SYMBOLS_PRIVATE_EXTERN = NO;
				GCC_WARN_64_TO_32_BIT_CONVERSION = YES;
				GCC_WARN_ABOUT_RETURN_TYPE = YES_ERROR;
				GCC_WARN_UNDECLARED_SELECTOR = YES;
				GCC_WARN_UNINITIALIZED_AUTOS = YES_AGGRESSIVE;
				GCC_WARN_UNUSED_FUNCTION = YES;
				GCC_WARN_UNUSED_VARIABLE = YES;
				IPHONEOS_DEPLOYMENT_TARGET = 8.4;
				MTL_ENABLE_DEBUG_INFO = YES;
				ONLY_ACTIVE_ARCH = YES;
				SDKROOT = iphoneos;
				TARGETED_DEVICE_FAMILY = "1,2";
			};
			name = Debug;
		};
		9BF3FCA71BA2E73D00182242 /* Release */ = {
			isa = XCBuildConfiguration;
			buildSettings = {
				ALWAYS_SEARCH_USER_PATHS = NO;
				CLANG_CXX_LANGUAGE_STANDARD = "gnu++0x";
				CLANG_CXX_LIBRARY = "libc++";
				CLANG_ENABLE_MODULES = YES;
				CLANG_ENABLE_OBJC_ARC = YES;
				CLANG_WARN_BOOL_CONVERSION = YES;
				CLANG_WARN_CONSTANT_CONVERSION = YES;
				CLANG_WARN_DIRECT_OBJC_ISA_USAGE = YES_ERROR;
				CLANG_WARN_EMPTY_BODY = YES;
				CLANG_WARN_ENUM_CONVERSION = YES;
				CLANG_WARN_INT_CONVERSION = YES;
				CLANG_WARN_OBJC_ROOT_CLASS = YES_ERROR;
				CLANG_WARN_UNREACHABLE_CODE = YES;
				CLANG_WARN__DUPLICATE_METHOD_MATCH = YES;
				"CODE_SIGN_IDENTITY[sdk=iphoneos*]" = "iPhone Developer";
				COPY_PHASE_STRIP = NO;
				DEBUG_INFORMATION_FORMAT = "dwarf-with-dsym";
				ENABLE_NS_ASSERTIONS = NO;
				ENABLE_STRICT_OBJC_MSGSEND = YES;
				GCC_C_LANGUAGE_STANDARD = gnu99;
				GCC_NO_COMMON_BLOCKS = YES;
				GCC_WARN_64_TO_32_BIT_CONVERSION = YES;
				GCC_WARN_ABOUT_RETURN_TYPE = YES_ERROR;
				GCC_WARN_UNDECLARED_SELECTOR = YES;
				GCC_WARN_UNINITIALIZED_AUTOS = YES_AGGRESSIVE;
				GCC_WARN_UNUSED_FUNCTION = YES;
				GCC_WARN_UNUSED_VARIABLE = YES;
				IPHONEOS_DEPLOYMENT_TARGET = 8.4;
				MTL_ENABLE_DEBUG_INFO = NO;
				SDKROOT = iphoneos;
				TARGETED_DEVICE_FAMILY = "1,2";
				VALIDATE_PRODUCT = YES;
			};
			name = Release;
		};
		9BF3FCA91BA2E73D00182242 /* Debug */ = {
			isa = XCBuildConfiguration;
			buildSettings = {
				ASSETCATALOG_COMPILER_APPICON_NAME = AppIcon;
				CLANG_ENABLE_MODULES = YES;
				INFOPLIST_FILE = ObjectcWithSwift/Info.plist;
				LD_RUNPATH_SEARCH_PATHS = "$(inherited) @executable_path/Frameworks";
				PRODUCT_NAME = "$(TARGET_NAME)";
				SWIFT_OBJC_BRIDGING_HEADER = "ObjectcWithSwift/ObjectcWithSwift-Bridging-Header.h";
				SWIFT_OPTIMIZATION_LEVEL = "-Onone";
			};
			name = Debug;
		};
		9BF3FCAA1BA2E73D00182242 /* Release */ = {
			isa = XCBuildConfiguration;
			buildSettings = {
				ASSETCATALOG_COMPILER_APPICON_NAME = AppIcon;
				CLANG_ENABLE_MODULES = YES;
				INFOPLIST_FILE = ObjectcWithSwift/Info.plist;
				LD_RUNPATH_SEARCH_PATHS = "$(inherited) @executable_path/Frameworks";
				PRODUCT_NAME = "$(TARGET_NAME)";
				SWIFT_OBJC_BRIDGING_HEADER = "ObjectcWithSwift/ObjectcWithSwift-Bridging-Header.h";
			};
			name = Release;
		};
		9BF3FCAC1BA2E73D00182242 /* Debug */ = {
			isa = XCBuildConfiguration;
			buildSettings = {
				BUNDLE_LOADER = "$(TEST_HOST)";
				FRAMEWORK_SEARCH_PATHS = (
					"$(SDKROOT)/Developer/Library/Frameworks",
					"$(inherited)",
				);
				GCC_PREPROCESSOR_DEFINITIONS = (
					"DEBUG=1",
					"$(inherited)",
				);
				INFOPLIST_FILE = ObjectcWithSwiftTests/Info.plist;
				LD_RUNPATH_SEARCH_PATHS = "$(inherited) @executable_path/Frameworks @loader_path/Frameworks";
				PRODUCT_NAME = "$(TARGET_NAME)";
				TEST_HOST = "$(BUILT_PRODUCTS_DIR)/ObjectcWithSwift.app/ObjectcWithSwift";
			};
			name = Debug;
		};
		9BF3FCAD1BA2E73D00182242 /* Release */ = {
			isa = XCBuildConfiguration;
			buildSettings = {
				BUNDLE_LOADER = "$(TEST_HOST)";
				FRAMEWORK_SEARCH_PATHS = (
					"$(SDKROOT)/Developer/Library/Frameworks",
					"$(inherited)",
				);
				INFOPLIST_FILE = ObjectcWithSwiftTests/Info.plist;
				LD_RUNPATH_SEARCH_PATHS = "$(inherited) @executable_path/Frameworks @loader_path/Frameworks";
				PRODUCT_NAME = "$(TARGET_NAME)";
				TEST_HOST = "$(BUILT_PRODUCTS_DIR)/ObjectcWithSwift.app/ObjectcWithSwift";
			};
			name = Release;
		};
/* End XCBuildConfiguration section */

/* Begin XCConfigurationList section */
		9BF3FC7D1BA2E73D00182242 /* Build configuration list for PBXProject "ObjectcWithSwift" */ = {
			isa = XCConfigurationList;
			buildConfigurations = (
				9BF3FCA61BA2E73D00182242 /* Debug */,
				9BF3FCA71BA2E73D00182242 /* Release */,
			);
			defaultConfigurationIsVisible = 0;
			defaultConfigurationName = Release;
		};
		9BF3FCA81BA2E73D00182242 /* Build configuration list for PBXNativeTarget "ObjectcWithSwift" */ = {
			isa = XCConfigurationList;
			buildConfigurations = (
				9BF3FCA91BA2E73D00182242 /* Debug */,
				9BF3FCAA1BA2E73D00182242 /* Release */,
			);
			defaultConfigurationIsVisible = 0;
		};
		9BF3FCAB1BA2E73D00182242 /* Build configuration list for PBXNativeTarget "ObjectcWithSwiftTests" */ = {
			isa = XCConfigurationList;
			buildConfigurations = (
				9BF3FCAC1BA2E73D00182242 /* Debug */,
				9BF3FCAD1BA2E73D00182242 /* Release */,
			);
			defaultConfigurationIsVisible = 0;
		};
/* End XCConfigurationList section */

/* Begin XCVersionGroup section */
		9BF3FC8C1BA2E73D00182242 /* ObjectcWithSwift.xcdatamodeld */ = {
			isa = XCVersionGroup;
			children = (
				9BF3FC8D1BA2E73D00182242 /* ObjectcWithSwift.xcdatamodel */,
			);
			currentVersion = 9BF3FC8D1BA2E73D00182242 /* ObjectcWithSwift.xcdatamodel */;
			path = ObjectcWithSwift.xcdatamodeld;
			sourceTree = "<group>";
			versionGroupType = wrapper.xcdatamodel;
		};
/* End XCVersionGroup section */
	};
	rootObject = 9BF3FC7A1BA2E73D00182242 /* Project object */;
}
